
Microsoft Visual Studio Solution File, Format Version 12.00
# Visual Studio Version 17
VisualStudioVersion = 17.9.34701.34
MinimumVisualStudioVersion = 10.0.40219.1
Project("{FAE04EC0-301F-11D3-BF4B-00C04F79EFBC}") = "NCCGAggregator", "NCCGAggregator\NCCGAggregator.csproj", "{2A79397F-65F2-4EC0-AC1C-84B61DF5DBD7}"
EndProject
Global
	GlobalSection(SolutionConfigurationPlatforms) = preSolution
		Debug|Any CPU = Debug|Any CPU
		Release|Any CPU = Release|Any CPU
	EndGlobalSection
	GlobalSection(ProjectConfigurationPlatforms) = postSolution
		{2A79397F-65F2-4EC0-AC1C-84B61DF5DBD7}.Debug|Any CPU.ActiveCfg = Debug|Any CPU
		{2A79397F-65F2-4EC0-AC1C-84B61DF5DBD7}.Debug|Any CPU.Build.0 = Debug|Any CPU
		{2A79397F-65F2-4EC0-AC1C-84B61DF5DBD7}.Release|Any CPU.ActiveCfg = Release|Any CPU
		{2A79397F-65F2-4EC0-AC1C-84B61DF5DBD7}.Release|Any CPU.Build.0 = Release|Any CPU
	EndGlobalSection
	GlobalSection(SolutionProperties) = preSolution
		HideSolutionNode = FALSE
	EndGlobalSection
	GlobalSection(ExtensibilityGlobals) = postSolution
		SolutionGuid = {09EC3F00-A9EB-447C-A871-D9AD7F52B764}
	EndGlobalSection
EndGlobal
